<?xml version="1.0" encoding="UTF-8" standalone="yes" ?>
<CodeBlocks_project_file>
	<FileVersion major="1" minor="6" />
	<Project>
		<Option title="SmartTrafficMeter" />
		<Option pch_mode="2" />
		<Option compiler="gcc" />
		<Build>
			<Target title="Linux Debug">
				<Option platforms="Unix;" />
				<Option output="bin/Debug/SmartTrafficMeter" prefix_auto="1" extension_auto="1" />
				<Option object_output="obj/Debug/" />
				<Option type="1" />
				<Option compiler="gcc" />
				<Compiler>
					<Add option="-Wall" />
					<Add option="-m64" />
					<Add option="-g" />
					<Add option="-O0" />
					<Add option="-march=native" />
				</Compiler>
				<Linker>
					<Add option="-m64" />
					<Add library="rt" />
					<Add library="dl" />
					<Add library="bfd" />
					<Add library="pthread" />
					<Add library="boost_system" />
					<Add library="boost_coroutine" />
					<Add library="boost_regex" />
					<Add library="boost_thread" />
					<Add library="boost_context" />
					<Add library="boost_filesystem" />
				</Linker>
			</Target>
			<Target title="Linux Release">
				<Option platforms="Unix;" />
				<Option output="bin/Release/SmartTrafficMeter" prefix_auto="1" extension_auto="1" />
				<Option object_output="obj/Release/" />
				<Option type="1" />
				<Option compiler="gcc" />
				<Compiler>
					<Add option="-fomit-frame-pointer" />
					<Add option="-fexpensive-optimizations" />
					<Add option="-flto" />
					<Add option="-O3" />
					<Add option="-Weffc++" />
					<Add option="-Wall" />
					<Add option="-std=c++14" />
					<Add option="-m64" />
					<Add option="-fexceptions" />
					<Add option="-rdynamic" />
					<Add option="-march=native" />
				</Compiler>
				<Linker>
					<Add option="-flto" />
					<Add option="-s" />
					<Add option="-m64" />
					<Add option="-rdynamic" />
					<Add library="rt" />
					<Add library="dl" />
					<Add library="bfd" />
					<Add library="pthread" />
					<Add library="boost_system" />
					<Add library="boost_coroutine" />
					<Add library="boost_regex" />
					<Add library="boost_thread" />
					<Add library="boost_context" />
					<Add library="boost_filesystem" />
				</Linker>
			</Target>
			<Target title="pi">
				<Option platforms="Unix;" />
				<Option output="bin/pi/SmartTrafficMeter" prefix_auto="1" extension_auto="1" />
				<Option object_output="obj/pi/" />
				<Option type="1" />
				<Option compiler="gcc" />
				<Compiler>
					<Add option="-fomit-frame-pointer" />
					<Add option="-fexpensive-optimizations" />
					<Add option="-Wall" />
					<Add option="-g" />
					<Add option="-D__pi__" />
				</Compiler>
				<Linker>
					<Add library="rt" />
					<Add library="dl" />
					<Add library="bfd" />
					<Add library="pthread" />
					<Add library="boost_system" />
					<Add library="boost_coroutine" />
					<Add library="boost_regex" />
					<Add library="boost_thread" />
					<Add library="boost_context" />
				</Linker>
			</Target>
			<Target title="Windows Release">
				<Option platforms="Windows;" />
				<Option output="bin/Release/SmartTrafficMeter" prefix_auto="1" extension_auto="1" />
				<Option object_output="obj/Release/" />
				<Option type="1" />
				<Option compiler="mingw64" />
				<Compiler>
					<Add option="-w" />
					<Add option="-fexceptions" />
					<Add option="-march=native" />
					<Add option="-std=c++14" />
					<Add option="-march=native" />
					<Add option="-O0" />
					<Add option="-D__WIN32" />
					<Add directory="E:/programowanie/C++/boost_1_61_0" />
				</Compiler>
				<ResourceCompiler>
					<Add directory="../smarttrafficmeter" />
				</ResourceCompiler>
				<Linker>
					<Add option="-s" />
					<Add option="-O0" />
					<Add library="ws2_32" />
					<Add library="Mswsock" />
					<Add library="iphlpapi" />
					<Add library="boost_system-mgw53-1_61" />
					<Add library="boost_coroutine-mgw53-1_61" />
					<Add library="boost_regex-mgw53-1_61" />
					<Add library="boost_thread-mgw53-mt-1_61" />
					<Add library="boost_context-mgw53-mt-1_61" />
					<Add library="boost_filesystem-mgw53-1_61" />
					<Add directory="e:/programowanie/C++/boost_1_61_0/stage/lib/" />
				</Linker>
			</Target>
			<Target title="Windows Debug">
				<Option platforms="Windows;" />
				<Option output="bin/Debug/SmartTrafficMeter" prefix_auto="1" extension_auto="1" />
				<Option object_output="obj/Debug/" />
				<Option type="1" />
				<Option compiler="mingw64" />
				<Compiler>
					<Add option="-std=c++11" />
					<Add option="-w" />
					<Add option="-g" />
					<Add directory="d:/programowanie/C++/boost_1_61_0/" />
				</Compiler>
				<ResourceCompiler>
					<Add directory="../smarttrafficmeter" />
				</ResourceCompiler>
				<Linker>
					<Add library="ws2_32" />
					<Add library="Mswsock" />
					<Add library="iphlpapi" />
					<Add library="boost_system-mgw49-mt-1_61" />
					<Add library="boost_coroutine-mgw49-mt-1_61" />
					<Add library="boost_regex-mgw49-mt-1_61" />
					<Add library="boost_thread-mgw49-mt-1_61" />
					<Add library="boost_context-mgw49-mt-1_61" />
					<Add library="boost_filesystem-mgw49-mt-1_61" />
					<Add directory="d:/programowanie/C++/boost_1_61_0/stage/lib/" />
				</Linker>
			</Target>
		</Build>
		<Compiler>
			<Add option="-Wnon-virtual-dtor" />
			<Add option="-Winit-self" />
			<Add option="-Wredundant-decls" />
			<Add option="-Wcast-align" />
			<Add option="-Wundef" />
			<Add option="-Wfloat-equal" />
			<Add option="-Winline" />
			<Add option="-Wmissing-declarations" />
			<Add option="-Weffc++" />
			<Add option="-Wmain" />
			<Add option="-Wzero-as-null-pointer-constant" />
			<Add option="-Wextra" />
			<Add option="-Wall" />
			<Add option="-DGLIBCXX_FORCE_NEW" />
			<Add directory="sqlite" />
			<Add directory="serverhttp" />
			<Add directory="/usr/include/mysql/" />
			<Add directory="/usr/include/libiberty/" />
			<Add directory="../smarttrafficmeter" />
		</Compiler>
		<Unit filename="DataBaseDriver.cpp" />
		<Unit filename="DataBaseDriver.h" />
		<Unit filename="Debug.cpp" />
		<Unit filename="Debug.h" />
		<Unit filename="Globals.cpp" />
		<Unit filename="Globals.h" />
		<Unit filename="InterfaceInfo.cpp" />
		<Unit filename="InterfaceInfo.h" />
		<Unit filename="InterfaceSpeedMeter.cpp" />
		<Unit filename="InterfaceSpeedMeter.h" />
		<Unit filename="InterfaceStats.cpp" />
		<Unit filename="InterfaceStats.h" />
		<Unit filename="Jsoncpp.cpp" />
		<Unit filename="LinuxUtils.cpp">
			<Option target="Linux Debug" />
			<Option target="Linux Release" />
			<Option target="pi" />
		</Unit>
		<Unit filename="LinuxUtils.h">
			<Option target="Linux Debug" />
			<Option target="Linux Release" />
			<Option target="pi" />
		</Unit>
		<Unit filename="Logger.cpp" />
		<Unit filename="Logger.h" />
		<Unit filename="MySQLInterface.cpp" />
		<Unit filename="MySQLInterface.h" />
		<Unit filename="ServerThread.cpp" />
		<Unit filename="ServerThread.h" />
		<Unit filename="Settings.cpp" />
		<Unit filename="Settings.h" />
		<Unit filename="Utils.cpp" />
		<Unit filename="Utils.h" />
		<Unit filename="WebSiteContent.cpp" />
		<Unit filename="WebSiteContent.h" />
		<Unit filename="WindowsUtils.cpp">
			<Option target="Windows Release" />
			<Option target="Windows Debug" />
		</Unit>
		<Unit filename="WindowsUtils.h">
			<Option target="Windows Release" />
			<Option target="Windows Debug" />
		</Unit>
		<Unit filename="config.h" />
		<Unit filename="defines.h" />
		<Unit filename="json/json-forwards.h" />
		<Unit filename="json/json.h" />
		<Unit filename="main.cpp" />
		<Unit filename="resource/win.rc">
			<Option compilerVar="WINDRES" />
			<Option target="Windows Release" />
			<Option target="Windows Debug" />
		</Unit>
		<Unit filename="serverhttp/server_http.hpp" />
		<Unit filename="sqlite3.c">
			<Option compilerVar="CC" />
		</Unit>
		<Unit filename="sqlite/sqlite3.h" />
		<Unit filename="sqlite/sqlite3ext.h" />
		<Unit filename="tclap/Arg.h" />
		<Unit filename="tclap/ArgException.h" />
		<Unit filename="tclap/ArgTraits.h" />
		<Unit filename="tclap/CmdLine.h" />
		<Unit filename="tclap/CmdLineInterface.h" />
		<Unit filename="tclap/CmdLineOutput.h" />
		<Unit filename="tclap/Constraint.h" />
		<Unit filename="tclap/DocBookOutput.h" />
		<Unit filename="tclap/HelpVisitor.h" />
		<Unit filename="tclap/IgnoreRestVisitor.h" />
		<Unit filename="tclap/MultiArg.h" />
		<Unit filename="tclap/MultiSwitchArg.h" />
		<Unit filename="tclap/OptionalUnlabeledTracker.h" />
		<Unit filename="tclap/StandardTraits.h" />
		<Unit filename="tclap/StdOutput.h" />
		<Unit filename="tclap/SwitchArg.h" />
		<Unit filename="tclap/UnlabeledMultiArg.h" />
		<Unit filename="tclap/UnlabeledValueArg.h" />
		<Unit filename="tclap/ValueArg.h" />
		<Unit filename="tclap/ValuesConstraint.h" />
		<Unit filename="tclap/VersionVisitor.h" />
		<Unit filename="tclap/Visitor.h" />
		<Unit filename="tclap/XorHandler.h" />
		<Unit filename="tclap/ZshCompletionOutput.h" />
		<Unit filename="version.h" />
		<Extensions>
			<envvars />
			<code_completion />
			<debugger />
			<lib_finder disable_auto="1" />
			<AutoVersioning>
				<Scheme minor_max="10" build_max="0" rev_max="0" rev_rand_max="10" build_times_to_increment_minor="100" />
				<Settings autoincrement="1" date_declarations="1" use_define="0" update_manifest="1" do_auto_increment="1" ask_to_increment="0" language="C++" svn="0" svn_directory="" header_path="version.h" />
				<Changes_Log show_changes_editor="0" app_title="released version %M.%m.%b of %p" changeslog_path="ChangesLog.txt" />
				<Code header_guard="VERSION_H" namespace="AutoVersion" prefix="" />
			</AutoVersioning>
		</Extensions>
	</Project>
</CodeBlocks_project_file>
