<?xml version="1.0" encoding="UTF-8" standalone="yes" ?>
<CodeBlocks_project_file>
	<FileVersion major="1" minor="6" />
	<Project>
		<Option title="SmartTrafficMeter" />
		<Option pch_mode="2" />
		<Option compiler="gcc" />
		<Build>
			<Target title="Debug">
				<Option output="bin/Debug/SmartTrafficMeter" prefix_auto="1" extension_auto="1" />
				<Option object_output="obj/Debug/" />
				<Option type="1" />
				<Option compiler="gcc" />
				<Compiler>
					<Add option="-Wall" />
					<Add option="-g" />
					<Add option="-O0" />
				</Compiler>
			</Target>
			<Target title="Release">
				<Option output="bin/Release/SmartTrafficMeter" prefix_auto="1" extension_auto="1" />
				<Option object_output="obj/Release/" />
				<Option type="1" />
				<Option compiler="gcc" />
				<Compiler>
					<Add option="-fomit-frame-pointer" />
					<Add option="-fexpensive-optimizations" />
					<Add option="-O3" />
				</Compiler>
				<Linker>
					<Add option="-s" />
				</Linker>
			</Target>
		</Build>
		<Compiler>
			<Add option="-Wmain" />
			<Add option="-std=c++11" />
			<Add option="-Wextra" />
			<Add option="-Wall" />
			<Add option="-fexceptions" />
			<Add option="-DGLIBCXX_FORCE_NEW" />
			<Add directory="/usr/include/mysql/" />
		</Compiler>
		<Linker>
			<Add library="pthread" />
			<Add library="sqlite3" />
			<Add library="mysqlclient" />
		</Linker>
		<Unit filename="BecomeDaemon.cpp" />
		<Unit filename="BecomeDaemon.h" />
		<Unit filename="InterfaceInfo.cpp" />
		<Unit filename="InterfaceInfo.h" />
		<Unit filename="InterfaceSpeedMeter.cpp" />
		<Unit filename="InterfaceSpeedMeter.h" />
		<Unit filename="InterfaceStats.cpp" />
		<Unit filename="InterfaceStats.h" />
		<Unit filename="Jsoncpp.cpp" />
		<Unit filename="MySQLInterface.cpp" />
		<Unit filename="MySQLInterface.h" />
		<Unit filename="ServerThread.cpp" />
		<Unit filename="ServerThread.h" />
		<Unit filename="Utils.cpp" />
		<Unit filename="Utils.h" />
		<Unit filename="config.h" />
		<Unit filename="json/json-forwards.h" />
		<Unit filename="json/json.h" />
		<Unit filename="main.cpp" />
		<Unit filename="version.h" />
		<Extensions>
			<envvars />
			<code_completion />
			<debugger />
			<lib_finder disable_auto="1" />
			<AutoVersioning>
				<Scheme minor_max="10" build_max="0" rev_max="0" rev_rand_max="10" build_times_to_increment_minor="100" />
				<Settings autoincrement="1" date_declarations="1" use_define="0" update_manifest="1" do_auto_increment="1" ask_to_increment="0" language="C++" svn="0" svn_directory="" header_path="version.h" />
				<Changes_Log show_changes_editor="0" app_title="released version %M.%m.%b of %p" changeslog_path="ChangesLog.txt" />
				<Code header_guard="VERSION_H" namespace="AutoVersion" prefix="" />
			</AutoVersioning>
		</Extensions>
	</Project>
</CodeBlocks_project_file>
